
Microsoft Visual Studio Solution File, Format Version 12.00
# Visual Studio 15
VisualStudioVersion = 15.0.28307.1622
MinimumVisualStudioVersion = 10.0.40219.1
Project("{FAE04EC0-301F-11D3-BF4B-00C04F79EFBC}") = "ApartmanOtomasyonDeneme", "ApartmanOtomasyonDeneme.csproj", "{7324996A-0C06-4B52-9A47-2AD3558D7F5E}"
EndProject
Global
	GlobalSection(SolutionConfigurationPlatforms) = preSolution
		Debug|Any CPU = Debug|Any CPU
		Release|Any CPU = Release|Any CPU
	EndGlobalSection
	GlobalSection(ProjectConfigurationPlatforms) = postSolution
		{7324996A-0C06-4B52-9A47-2AD3558D7F5E}.Debug|Any CPU.ActiveCfg = Debug|Any CPU
		{7324996A-0C06-4B52-9A47-2AD3558D7F5E}.Debug|Any CPU.Build.0 = Debug|Any CPU
		{7324996A-0C06-4B52-9A47-2AD3558D7F5E}.Release|Any CPU.ActiveCfg = Release|Any CPU
		{7324996A-0C06-4B52-9A47-2AD3558D7F5E}.Release|Any CPU.Build.0 = Release|Any CPU
	EndGlobalSection
	GlobalSection(SolutionProperties) = preSolution
		HideSolutionNode = FALSE
	EndGlobalSection
	GlobalSection(ExtensibilityGlobals) = postSolution
		SolutionGuid = {FFB39A2F-3FD6-4309-9A8E-1009FE9BCF63}
	EndGlobalSection
EndGlobal
